// !$*UTF8*$!
{
	archiveVersion = 1;
	classes = {
	};
	objectVersion = 46;
	objects = {

/* Begin PBXBuildFile section */
		7707357F1EB396B000569C70 /* HeaderImageView.swift in Sources */ = {isa = PBXBuildFile; fileRef = 7707357E1EB396B000569C70 /* HeaderImageView.swift */; };
		770735811EB3A47C00569C70 /* UIImageResize.swift in Sources */ = {isa = PBXBuildFile; fileRef = 770735801EB3A47C00569C70 /* UIImageResize.swift */; };
		7727BABA1EB0F42E006309E0 /* AppDelegate.swift in Sources */ = {isa = PBXBuildFile; fileRef = 7727BAB91EB0F42E006309E0 /* AppDelegate.swift */; };
		7727BABC1EB0F42E006309E0 /* ViewController.swift in Sources */ = {isa = PBXBuildFile; fileRef = 7727BABB1EB0F42E006309E0 /* ViewController.swift */; };
		7727BABF1EB0F42E006309E0 /* Main.storyboard in Resources */ = {isa = PBXBuildFile; fileRef = 7727BABD1EB0F42E006309E0 /* Main.storyboard */; };
		7727BAC11EB0F42E006309E0 /* Assets.xcassets in Resources */ = {isa = PBXBuildFile; fileRef = 7727BAC01EB0F42E006309E0 /* Assets.xcassets */; };
		7727BAC41EB0F42E006309E0 /* LaunchScreen.storyboard in Resources */ = {isa = PBXBuildFile; fileRef = 7727BAC21EB0F42E006309E0 /* LaunchScreen.storyboard */; };
		7727BACD1EB0F4A6006309E0 /* ShapedMessageImageView.swift in Sources */ = {isa = PBXBuildFile; fileRef = 7727BACC1EB0F4A6006309E0 /* ShapedMessageImageView.swift */; };
		9A0D2DD01EB2F7C4004B7A72 /* MyViewController.swift in Sources */ = {isa = PBXBuildFile; fileRef = 9A0D2DCF1EB2F7C4004B7A72 /* MyViewController.swift */; };
/* End PBXBuildFile section */

/* Begin PBXFileReference section */
		7707357E1EB396B000569C70 /* HeaderImageView.swift */ = {isa = PBXFileReference; fileEncoding = 4; lastKnownFileType = sourcecode.swift; path = HeaderImageView.swift; sourceTree = "<group>"; };
		770735801EB3A47C00569C70 /* UIImageResize.swift */ = {isa = PBXFileReference; fileEncoding = 4; lastKnownFileType = sourcecode.swift; path = UIImageResize.swift; sourceTree = "<group>"; };
		7727BAB61EB0F42E006309E0 /* CAShapeLayerDemo.app */ = {isa = PBXFileReference; explicitFileType = wrapper.application; includeInIndex = 0; path = CAShapeLayerDemo.app; sourceTree = BUILT_PRODUCTS_DIR; };
		7727BAB91EB0F42E006309E0 /* AppDelegate.swift */ = {isa = PBXFileReference; lastKnownFileType = sourcecode.swift; path = AppDelegate.swift; sourceTree = "<group>"; };
		7727BABB1EB0F42E006309E0 /* ViewController.swift */ = {isa = PBXFileReference; lastKnownFileType = sourcecode.swift; path = ViewController.swift; sourceTree = "<group>"; };
		7727BABE1EB0F42E006309E0 /* Base */ = {isa = PBXFileReference; lastKnownFileType = file.storyboard; name = Base; path = Base.lproj/Main.storyboard; sourceTree = "<group>"; };
		7727BAC01EB0F42E006309E0 /* Assets.xcassets */ = {isa = PBXFileReference; lastKnownFileType = folder.assetcatalog; path = Assets.xcassets; sourceTree = "<group>"; };
		7727BAC31EB0F42E006309E0 /* Base */ = {isa = PBXFileReference; lastKnownFileType = file.storyboard; name = Base; path = Base.lproj/LaunchScreen.storyboard; sourceTree = "<group>"; };
		7727BAC51EB0F42E006309E0 /* Info.plist */ = {isa = PBXFileReference; lastKnownFileType = text.plist.xml; path = Info.plist; sourceTree = "<group>"; };
		7727BACC1EB0F4A6006309E0 /* ShapedMessageImageView.swift */ = {isa = PBXFileReference; fileEncoding = 4; lastKnownFileType = sourcecode.swift; path = ShapedMessageImageView.swift; sourceTree = "<group>"; };
		9A0D2DCF1EB2F7C4004B7A72 /* MyViewController.swift */ = {isa = PBXFileReference; fileEncoding = 4; lastKnownFileType = sourcecode.swift; path = MyViewController.swift; sourceTree = "<group>"; };
/* End PBXFileReference section */

/* Begin PBXFrameworksBuildPhase section */
		7727BAB31EB0F42E006309E0 /* Frameworks */ = {
			isa = PBXFrameworksBuildPhase;
			buildActionMask = 2147483647;
			files = (
			);
			runOnlyForDeploymentPostprocessing = 0;
		};
/* End PBXFrameworksBuildPhase section */

/* Begin PBXGroup section */
		7727BAAD1EB0F42E006309E0 = {
			isa = PBXGroup;
			children = (
				7727BACB1EB0F45D006309E0 /* CAShapeLayer */,
				7727BAB81EB0F42E006309E0 /* CAShapeLayerDemo */,
				7727BAB71EB0F42E006309E0 /* Products */,
			);
			sourceTree = "<group>";
		};
		7727BAB71EB0F42E006309E0 /* Products */ = {
			isa = PBXGroup;
			children = (
				7727BAB61EB0F42E006309E0 /* CAShapeLayerDemo.app */,
			);
			name = Products;
			sourceTree = "<group>";
		};
		7727BAB81EB0F42E006309E0 /* CAShapeLayerDemo */ = {
			isa = PBXGroup;
			children = (
				7727BAB91EB0F42E006309E0 /* AppDelegate.swift */,
				7727BABB1EB0F42E006309E0 /* ViewController.swift */,
				7727BABD1EB0F42E006309E0 /* Main.storyboard */,
				7727BAC01EB0F42E006309E0 /* Assets.xcassets */,
				7727BAC21EB0F42E006309E0 /* LaunchScreen.storyboard */,
				7727BAC51EB0F42E006309E0 /* Info.plist */,
			);
			path = CAShapeLayerDemo;
			sourceTree = "<group>";
		};
		7727BACB1EB0F45D006309E0 /* CAShapeLayer */ = {
			isa = PBXGroup;
			children = (
				7727BACC1EB0F4A6006309E0 /* ShapedMessageImageView.swift */,
				9A0D2DCF1EB2F7C4004B7A72 /* MyViewController.swift */,
				7707357E1EB396B000569C70 /* HeaderImageView.swift */,
				770735801EB3A47C00569C70 /* UIImageResize.swift */,
			);
			path = CAShapeLayer;
			sourceTree = "<group>";
		};
/* End PBXGroup section */

/* Begin PBXNativeTarget section */
		7727BAB51EB0F42E006309E0 /* CAShapeLayerDemo */ = {
			isa = PBXNativeTarget;
			buildConfigurationList = 7727BAC81EB0F42E006309E0 /* Build configuration list for PBXNativeTarget "CAShapeLayerDemo" */;
			buildPhases = (
				7727BAB21EB0F42E006309E0 /* Sources */,
				7727BAB31EB0F42E006309E0 /* Frameworks */,
				7727BAB41EB0F42E006309E0 /* Resources */,
			);
			buildRules = (
			);
			dependencies = (
			);
			name = CAShapeLayerDemo;
			productName = CAShapeLayerDemo;
			productReference = 7727BAB61EB0F42E006309E0 /* CAShapeLayerDemo.app */;
			productType = "com.apple.product-type.application";
		};
/* End PBXNativeTarget section */

/* Begin PBXProject section */
		7727BAAE1EB0F42E006309E0 /* Project object */ = {
			isa = PBXProject;
			attributes = {
				LastSwiftUpdateCheck = 0820;
				LastUpgradeCheck = 0820;
				ORGANIZATIONNAME = WangQinghai;
				TargetAttributes = {
					7727BAB51EB0F42E006309E0 = {
						CreatedOnToolsVersion = 8.2;
						DevelopmentTeam = J97FN9Y7WR;
						ProvisioningStyle = Automatic;
					};
				};
			};
			buildConfigurationList = 7727BAB11EB0F42E006309E0 /* Build configuration list for PBXProject "CAShapeLayerDemo" */;
			compatibilityVersion = "Xcode 3.2";
			developmentRegion = English;
			hasScannedForEncodings = 0;
			knownRegions = (
				en,
				Base,
			);
			mainGroup = 7727BAAD1EB0F42E006309E0;
			productRefGroup = 7727BAB71EB0F42E006309E0 /* Products */;
			projectDirPath = "";
			projectRoot = "";
			targets = (
				7727BAB51EB0F42E006309E0 /* CAShapeLayerDemo */,
			);
		};
/* End PBXProject section */

/* Begin PBXResourcesBuildPhase section */
		7727BAB41EB0F42E006309E0 /* Resources */ = {
			isa = PBXResourcesBuildPhase;
			buildActionMask = 2147483647;
			files = (
				7727BAC41EB0F42E006309E0 /* LaunchScreen.storyboard in Resources */,
				7727BAC11EB0F42E006309E0 /* Assets.xcassets in Resources */,
				7727BABF1EB0F42E006309E0 /* Main.storyboard in Resources */,
			);
			runOnlyForDeploymentPostprocessing = 0;
		};
/* End PBXResourcesBuildPhase section */

/* Begin PBXSourcesBuildPhase section */
		7727BAB21EB0F42E006309E0 /* Sources */ = {
			isa = PBXSourcesBuildPhase;
			buildActionMask = 2147483647;
			files = (
				7707357F1EB396B000569C70 /* HeaderImageView.swift in Sources */,
				770735811EB3A47C00569C70 /* UIImageResize.swift in Sources */,
				7727BACD1EB0F4A6006309E0 /* ShapedMessageImageView.swift in Sources */,
				7727BABC1EB0F42E006309E0 /* ViewController.swift in Sources */,
				9A0D2DD01EB2F7C4004B7A72 /* MyViewController.swift in Sources */,
				7727BABA1EB0F42E006309E0 /* AppDelegate.swift in Sources */,
			);
			runOnlyForDeploymentPostprocessing = 0;
		};
/* End PBXSourcesBuildPhase section */

/* Begin PBXVariantGroup section */
		7727BABD1EB0F42E006309E0 /* Main.storyboard */ = {
			isa = PBXVariantGroup;
			children = (
				7727BABE1EB0F42E006309E0 /* Base */,
			);
			name = Main.storyboard;
			sourceTree = "<group>";
		};
		7727BAC21EB0F42E006309E0 /* LaunchScreen.storyboard */ = {
			isa = PBXVariantGroup;
			children = (
				7727BAC31EB0F42E006309E0 /* Base */,
			);
			name = LaunchScreen.storyboard;
			sourceTree = "<group>";
		};
/* End PBXVariantGroup section */

/* Begin XCBuildConfiguration section */
		7727BAC61EB0F42E006309E0 /* Debug */ = {
			isa = XCBuildConfiguration;
			buildSettings = {
				ALWAYS_SEARCH_USER_PATHS = NO;
				CLANG_ANALYZER_NONNULL = YES;
				CLANG_CXX_LANGUAGE_STANDARD = "gnu++0x";
				CLANG_CXX_LIBRARY = "libc++";
				CLANG_ENABLE_MODULES = YES;
				CLANG_ENABLE_OBJC_ARC = YES;
				CLANG_WARN_BOOL_CONVERSION = YES;
				CLANG_WARN_CONSTANT_CONVERSION = YES;
				CLANG_WARN_DIRECT_OBJC_ISA_USAGE = YES_ERROR;
				CLANG_WARN_DOCUMENTATION_COMMENTS = YES;
				CLANG_WARN_EMPTY_BODY = YES;
				CLANG_WARN_ENUM_CONVERSION = YES;
				CLANG_WARN_INFINITE_RECURSION = YES;
				CLANG_WARN_INT_CONVERSION = YES;
				CLANG_WARN_OBJC_ROOT_CLASS = YES_ERROR;
				CLANG_WARN_SUSPICIOUS_MOVE = YES;
				CLANG_WARN_UNREACHABLE_CODE = YES;
				CLANG_WARN__DUPLICATE_METHOD_MATCH = YES;
				"CODE_SIGN_IDENTITY[sdk=iphoneos*]" = "iPhone Developer";
				COPY_PHASE_STRIP = NO;
				DEBUG_INFORMATION_FORMAT = dwarf;
				ENABLE_STRICT_OBJC_MSGSEND = YES;
				ENABLE_TESTABILITY = YES;
				GCC_C_LANGUAGE_STANDARD = gnu99;
				GCC_DYNAMIC_NO_PIC = NO;
				GCC_NO_COMMON_BLOCKS = YES;
				GCC_OPTIMIZATION_LEVEL = 0;
				GCC_PREPROCESSOR_DEFINITIONS = (
					"DEBUG=1",
					"$(inherited)",
				);
				GCC_WARN_64_TO_32_BIT_CONVERSION = YES;
				GCC_WARN_ABOUT_RETURN_TYPE = YES_ERROR;
				GCC_WARN_UNDECLARED_SELECTOR = YES;
				GCC_WARN_UNINITIALIZED_AUTOS = YES_AGGRESSIVE;
				GCC_WARN_UNUSED_FUNCTION = YES;
				GCC_WARN_UNUSED_VARIABLE = YES;
				IPHONEOS_DEPLOYMENT_TARGET = 10.2;
				MTL_ENABLE_DEBUG_INFO = YES;
				ONLY_ACTIVE_ARCH = YES;
				SDKROOT = iphoneos;
				SWIFT_ACTIVE_COMPILATION_CONDITIONS = DEBUG;
				SWIFT_OPTIMIZATION_LEVEL = "-Onone";
			};
			name = Debug;
		};
		7727BAC71EB0F42E006309E0 /* Release */ = {
			isa = XCBuildConfiguration;
			buildSettings = {
				ALWAYS_SEARCH_USER_PATHS = NO;
				CLANG_ANALYZER_NONNULL = YES;
				CLANG_CXX_LANGUAGE_STANDARD = "gnu++0x";
				CLANG_CXX_LIBRARY = "libc++";
				CLANG_ENABLE_MODULES = YES;
				CLANG_ENABLE_OBJC_ARC = YES;
				CLANG_WARN_BOOL_CONVERSION = YES;
				CLANG_WARN_CONSTANT_CONVERSION = YES;
				CLANG_WARN_DIRECT_OBJC_ISA_USAGE = YES_ERROR;
				CLANG_WARN_DOCUMENTATION_COMMENTS = YES;
				CLANG_WARN_EMPTY_BODY = YES;
				CLANG_WARN_ENUM_CONVERSION = YES;
				CLANG_WARN_INFINITE_RECURSION = YES;
				CLANG_WARN_INT_CONVERSION = YES;
				CLANG_WARN_OBJC_ROOT_CLASS = YES_ERROR;
				CLANG_WARN_SUSPICIOUS_MOVE = YES;
				CLANG_WARN_UNREACHABLE_CODE = YES;
				CLANG_WARN__DUPLICATE_METHOD_MATCH = YES;
				"CODE_SIGN_IDENTITY[sdk=iphoneos*]" = "iPhone Developer";
				COPY_PHASE_STRIP = NO;
				DEBUG_INFORMATION_FORMAT = "dwarf-with-dsym";
				ENABLE_NS_ASSERTIONS = NO;
				ENABLE_STRICT_OBJC_MSGSEND = YES;
				GCC_C_LANGUAGE_STANDARD = gnu99;
				GCC_NO_COMMON_BLOCKS = YES;
				GCC_WARN_64_TO_32_BIT_CONVERSION = YES;
				GCC_WARN_ABOUT_RETURN_TYPE = YES_ERROR;
				GCC_WARN_UNDECLARED_SELECTOR = YES;
				GCC_WARN_UNINITIALIZED_AUTOS = YES_AGGRESSIVE;
				GCC_WARN_UNUSED_FUNCTION = YES;
				GCC_WARN_UNUSED_VARIABLE = YES;
				IPHONEOS_DEPLOYMENT_TARGET = 10.2;
				MTL_ENABLE_DEBUG_INFO = NO;
				SDKROOT = iphoneos;
				SWIFT_OPTIMIZATION_LEVEL = "-Owholemodule";
				VALIDATE_PRODUCT = YES;
			};
			name = Release;
		};
		7727BAC91EB0F42E006309E0 /* Debug */ = {
			isa = XCBuildConfiguration;
			buildSettings = {
				ASSETCATALOG_COMPILER_APPICON_NAME = AppIcon;
				DEVELOPMENT_TEAM = J97FN9Y7WR;
				INFOPLIST_FILE = CAShapeLayerDemo/Info.plist;
				LD_RUNPATH_SEARCH_PATHS = "$(inherited) @executable_path/Frameworks";
				PRODUCT_BUNDLE_IDENTIFIER = com.ql.root.CAShapeLayerDemo;
				PRODUCT_NAME = "$(TARGET_NAME)";
				SWIFT_VERSION = 3.0;
			};
			name = Debug;
		};
		7727BACA1EB0F42E006309E0 /* Release */ = {
			isa = XCBuildConfiguration;
			buildSettings = {
				ASSETCATALOG_COMPILER_APPICON_NAME = AppIcon;
				DEVELOPMENT_TEAM = J97FN9Y7WR;
				INFOPLIST_FILE = CAShapeLayerDemo/Info.plist;
				LD_RUNPATH_SEARCH_PATHS = "$(inherited) @executable_path/Frameworks";
				PRODUCT_BUNDLE_IDENTIFIER = com.ql.root.CAShapeLayerDemo;
				PRODUCT_NAME = "$(TARGET_NAME)";
				SWIFT_VERSION = 3.0;
			};
			name = Release;
		};
/* End XCBuildConfiguration section */

/* Begin XCConfigurationList section */
		7727BAB11EB0F42E006309E0 /* Build configuration list for PBXProject "CAShapeLayerDemo" */ = {
			isa = XCConfigurationList;
			buildConfigurations = (
				7727BAC61EB0F42E006309E0 /* Debug */,
				7727BAC71EB0F42E006309E0 /* Release */,
			);
			defaultConfigurationIsVisible = 0;
			defaultConfigurationName = Release;
		};
		7727BAC81EB0F42E006309E0 /* Build configuration list for PBXNativeTarget "CAShapeLayerDemo" */ = {
			isa = XCConfigurationList;
			buildConfigurations = (
				7727BAC91EB0F42E006309E0 /* Debug */,
				7727BACA1EB0F42E006309E0 /* Release */,
			);
			defaultConfigurationIsVisible = 0;
			defaultConfigurationName = Release;
		};
/* End XCConfigurationList section */
	};
	rootObject = 7727BAAE1EB0F42E006309E0 /* Project object */;
}
